
Microsoft Visual Studio Solution File, Format Version 12.00
# Visual Studio 2012
Project("{FAE04EC0-301F-11D3-BF4B-00C04F79EFBC}") = "ShoppingGuide", "ShoppingGuide\ShoppingGuide.csproj", "{26B83491-43B7-4625-AD4E-CDDC07D670EF}"
EndProject
Project("{2150E333-8FDC-42A3-9474-1A3956D46DE8}") = ".nuget", ".nuget", "{C44584A8-CBB2-4718-9ABF-35298572D007}"
	ProjectSection(SolutionItems) = preProject
		.nuget\packages.config = .nuget\packages.config
	EndProjectSection
EndProject
Global
	GlobalSection(SolutionConfigurationPlatforms) = preSolution
		Debug|Any CPU = Debug|Any CPU
		Release|Any CPU = Release|Any CPU
	EndGlobalSection
	GlobalSection(ProjectConfigurationPlatforms) = postSolution
		{26B83491-43B7-4625-AD4E-CDDC07D670EF}.Debug|Any CPU.ActiveCfg = Debug|Any CPU
		{26B83491-43B7-4625-AD4E-CDDC07D670EF}.Debug|Any CPU.Build.0 = Debug|Any CPU
		{26B83491-43B7-4625-AD4E-CDDC07D670EF}.Release|Any CPU.ActiveCfg = Release|Any CPU
		{26B83491-43B7-4625-AD4E-CDDC07D670EF}.Release|Any CPU.Build.0 = Release|Any CPU
	EndGlobalSection
	GlobalSection(SolutionProperties) = preSolution
		HideSolutionNode = FALSE
	EndGlobalSection
EndGlobal
